
Microsoft Visual Studio Solution File, Format Version 12.00
# Visual Studio Version 17
VisualStudioVersion = 17.5.33530.505
MinimumVisualStudioVersion = 10.0.40219.1
Project("{FAE04EC0-301F-11D3-BF4B-00C04F79EFBC}") = "LINQquerySintaksa", "LINQquerySintaksa\LINQquerySintaksa.csproj", "{3AA65596-98B2-48FA-8C84-92BFA4EE8E0C}"
EndProject
Global
	GlobalSection(SolutionConfigurationPlatforms) = preSolution
		Debug|Any CPU = Debug|Any CPU
		Release|Any CPU = Release|Any CPU
	EndGlobalSection
	GlobalSection(ProjectConfigurationPlatforms) = postSolution
		{3AA65596-98B2-48FA-8C84-92BFA4EE8E0C}.Debug|Any CPU.ActiveCfg = Debug|Any CPU
		{3AA65596-98B2-48FA-8C84-92BFA4EE8E0C}.Debug|Any CPU.Build.0 = Debug|Any CPU
		{3AA65596-98B2-48FA-8C84-92BFA4EE8E0C}.Release|Any CPU.ActiveCfg = Release|Any CPU
		{3AA65596-98B2-48FA-8C84-92BFA4EE8E0C}.Release|Any CPU.Build.0 = Release|Any CPU
	EndGlobalSection
	GlobalSection(SolutionProperties) = preSolution
		HideSolutionNode = FALSE
	EndGlobalSection
	GlobalSection(ExtensibilityGlobals) = postSolution
		SolutionGuid = {41764E1E-1DB0-4FAD-B026-6349E54EDFAF}
	EndGlobalSection
EndGlobal
